
Microsoft Visual Studio Solution File, Format Version 12.00
# Visual Studio Version 16
VisualStudioVersion = 16.0.30413.136
MinimumVisualStudioVersion = 10.0.40219.1
Project("{FAE04EC0-301F-11D3-BF4B-00C04F79EFBC}") = "CH02-12", "CH02-12\CH02-12.csproj", "{A9F18D6F-51BC-4979-BC24-38B71A2C92FD}"
EndProject
Global
	GlobalSection(SolutionConfigurationPlatforms) = preSolution
		Debug|Any CPU = Debug|Any CPU
		Release|Any CPU = Release|Any CPU
	EndGlobalSection
	GlobalSection(ProjectConfigurationPlatforms) = postSolution
		{A9F18D6F-51BC-4979-BC24-38B71A2C92FD}.Debug|Any CPU.ActiveCfg = Debug|Any CPU
		{A9F18D6F-51BC-4979-BC24-38B71A2C92FD}.Debug|Any CPU.Build.0 = Debug|Any CPU
		{A9F18D6F-51BC-4979-BC24-38B71A2C92FD}.Release|Any CPU.ActiveCfg = Release|Any CPU
		{A9F18D6F-51BC-4979-BC24-38B71A2C92FD}.Release|Any CPU.Build.0 = Release|Any CPU
	EndGlobalSection
	GlobalSection(SolutionProperties) = preSolution
		HideSolutionNode = FALSE
	EndGlobalSection
	GlobalSection(ExtensibilityGlobals) = postSolution
		SolutionGuid = {B939B43D-5291-4423-894D-7F92CD769C4F}
	EndGlobalSection
EndGlobal
