
Microsoft Visual Studio Solution File, Format Version 12.00
# Visual Studio Version 16
VisualStudioVersion = 16.0.30413.136
MinimumVisualStudioVersion = 10.0.40219.1
Project("{FAE04EC0-301F-11D3-BF4B-00C04F79EFBC}") = "CH02-24", "CH02-24\CH02-24.csproj", "{4D38C9FD-9252-4FD5-B276-D0FEF66EB6BC}"
EndProject
Global
	GlobalSection(SolutionConfigurationPlatforms) = preSolution
		Debug|Any CPU = Debug|Any CPU
		Release|Any CPU = Release|Any CPU
	EndGlobalSection
	GlobalSection(ProjectConfigurationPlatforms) = postSolution
		{4D38C9FD-9252-4FD5-B276-D0FEF66EB6BC}.Debug|Any CPU.ActiveCfg = Debug|Any CPU
		{4D38C9FD-9252-4FD5-B276-D0FEF66EB6BC}.Debug|Any CPU.Build.0 = Debug|Any CPU
		{4D38C9FD-9252-4FD5-B276-D0FEF66EB6BC}.Release|Any CPU.ActiveCfg = Release|Any CPU
		{4D38C9FD-9252-4FD5-B276-D0FEF66EB6BC}.Release|Any CPU.Build.0 = Release|Any CPU
	EndGlobalSection
	GlobalSection(SolutionProperties) = preSolution
		HideSolutionNode = FALSE
	EndGlobalSection
	GlobalSection(ExtensibilityGlobals) = postSolution
		SolutionGuid = {68CA6ECF-A759-4B8E-8E68-69EED1E65D60}
	EndGlobalSection
EndGlobal
