
Microsoft Visual Studio Solution File, Format Version 12.00
# Visual Studio Version 16
VisualStudioVersion = 16.0.30413.136
MinimumVisualStudioVersion = 10.0.40219.1
Project("{FAE04EC0-301F-11D3-BF4B-00C04F79EFBC}") = "CH03-15", "CH03-15\CH03-15.csproj", "{BB797E34-5CCB-4023-AC0F-A9581748CF3E}"
EndProject
Global
	GlobalSection(SolutionConfigurationPlatforms) = preSolution
		Debug|Any CPU = Debug|Any CPU
		Release|Any CPU = Release|Any CPU
	EndGlobalSection
	GlobalSection(ProjectConfigurationPlatforms) = postSolution
		{BB797E34-5CCB-4023-AC0F-A9581748CF3E}.Debug|Any CPU.ActiveCfg = Debug|Any CPU
		{BB797E34-5CCB-4023-AC0F-A9581748CF3E}.Debug|Any CPU.Build.0 = Debug|Any CPU
		{BB797E34-5CCB-4023-AC0F-A9581748CF3E}.Release|Any CPU.ActiveCfg = Release|Any CPU
		{BB797E34-5CCB-4023-AC0F-A9581748CF3E}.Release|Any CPU.Build.0 = Release|Any CPU
	EndGlobalSection
	GlobalSection(SolutionProperties) = preSolution
		HideSolutionNode = FALSE
	EndGlobalSection
	GlobalSection(ExtensibilityGlobals) = postSolution
		SolutionGuid = {6CE8A45C-6FAA-4425-9A47-54FC9CDAF0D0}
	EndGlobalSection
EndGlobal
