
Microsoft Visual Studio Solution File, Format Version 12.00
# Visual Studio Version 16
VisualStudioVersion = 16.0.30413.136
MinimumVisualStudioVersion = 10.0.40219.1
Project("{FAE04EC0-301F-11D3-BF4B-00C04F79EFBC}") = "CH02-11", "CH02-11\CH02-11.csproj", "{2AAF493D-0BBC-4C7D-B57B-F23EE613C91B}"
EndProject
Global
	GlobalSection(SolutionConfigurationPlatforms) = preSolution
		Debug|Any CPU = Debug|Any CPU
		Release|Any CPU = Release|Any CPU
	EndGlobalSection
	GlobalSection(ProjectConfigurationPlatforms) = postSolution
		{2AAF493D-0BBC-4C7D-B57B-F23EE613C91B}.Debug|Any CPU.ActiveCfg = Debug|Any CPU
		{2AAF493D-0BBC-4C7D-B57B-F23EE613C91B}.Debug|Any CPU.Build.0 = Debug|Any CPU
		{2AAF493D-0BBC-4C7D-B57B-F23EE613C91B}.Release|Any CPU.ActiveCfg = Release|Any CPU
		{2AAF493D-0BBC-4C7D-B57B-F23EE613C91B}.Release|Any CPU.Build.0 = Release|Any CPU
	EndGlobalSection
	GlobalSection(SolutionProperties) = preSolution
		HideSolutionNode = FALSE
	EndGlobalSection
	GlobalSection(ExtensibilityGlobals) = postSolution
		SolutionGuid = {25BBBCA0-E865-4A37-A7C9-832CDACB641A}
	EndGlobalSection
EndGlobal
