
Microsoft Visual Studio Solution File, Format Version 12.00
# Visual Studio Version 16
VisualStudioVersion = 16.0.30413.136
MinimumVisualStudioVersion = 10.0.40219.1
Project("{FAE04EC0-301F-11D3-BF4B-00C04F79EFBC}") = "FirstForm", "FirstForm\FirstForm.csproj", "{71F59D36-29B4-4574-8E05-5F74DE56F959}"
EndProject
Global
	GlobalSection(SolutionConfigurationPlatforms) = preSolution
		Debug|Any CPU = Debug|Any CPU
		Release|Any CPU = Release|Any CPU
	EndGlobalSection
	GlobalSection(ProjectConfigurationPlatforms) = postSolution
		{71F59D36-29B4-4574-8E05-5F74DE56F959}.Debug|Any CPU.ActiveCfg = Debug|Any CPU
		{71F59D36-29B4-4574-8E05-5F74DE56F959}.Debug|Any CPU.Build.0 = Debug|Any CPU
		{71F59D36-29B4-4574-8E05-5F74DE56F959}.Release|Any CPU.ActiveCfg = Release|Any CPU
		{71F59D36-29B4-4574-8E05-5F74DE56F959}.Release|Any CPU.Build.0 = Release|Any CPU
	EndGlobalSection
	GlobalSection(SolutionProperties) = preSolution
		HideSolutionNode = FALSE
	EndGlobalSection
	GlobalSection(ExtensibilityGlobals) = postSolution
		SolutionGuid = {03CB5556-B843-43E0-8DCF-04F3F5263E19}
	EndGlobalSection
EndGlobal
