
Microsoft Visual Studio Solution File, Format Version 12.00
# Visual Studio Version 16
VisualStudioVersion = 16.0.30413.136
MinimumVisualStudioVersion = 10.0.40219.1
Project("{FAE04EC0-301F-11D3-BF4B-00C04F79EFBC}") = "CH02-21", "CH02-21\CH02-21.csproj", "{9CAADE99-537A-4FFC-8142-5A4B61308F54}"
EndProject
Global
	GlobalSection(SolutionConfigurationPlatforms) = preSolution
		Debug|Any CPU = Debug|Any CPU
		Release|Any CPU = Release|Any CPU
	EndGlobalSection
	GlobalSection(ProjectConfigurationPlatforms) = postSolution
		{9CAADE99-537A-4FFC-8142-5A4B61308F54}.Debug|Any CPU.ActiveCfg = Debug|Any CPU
		{9CAADE99-537A-4FFC-8142-5A4B61308F54}.Debug|Any CPU.Build.0 = Debug|Any CPU
		{9CAADE99-537A-4FFC-8142-5A4B61308F54}.Release|Any CPU.ActiveCfg = Release|Any CPU
		{9CAADE99-537A-4FFC-8142-5A4B61308F54}.Release|Any CPU.Build.0 = Release|Any CPU
	EndGlobalSection
	GlobalSection(SolutionProperties) = preSolution
		HideSolutionNode = FALSE
	EndGlobalSection
	GlobalSection(ExtensibilityGlobals) = postSolution
		SolutionGuid = {FAC895A6-18DB-46CF-9D9E-AF6755B52560}
	EndGlobalSection
EndGlobal
