
Microsoft Visual Studio Solution File, Format Version 12.00
# Visual Studio Version 16
VisualStudioVersion = 16.0.30413.136
MinimumVisualStudioVersion = 10.0.40219.1
Project("{FAE04EC0-301F-11D3-BF4B-00C04F79EFBC}") = "CH02-18", "CH02-18\CH02-18.csproj", "{A8842757-9460-4C69-A4A7-0DD3BAFACBBD}"
EndProject
Global
	GlobalSection(SolutionConfigurationPlatforms) = preSolution
		Debug|Any CPU = Debug|Any CPU
		Release|Any CPU = Release|Any CPU
	EndGlobalSection
	GlobalSection(ProjectConfigurationPlatforms) = postSolution
		{A8842757-9460-4C69-A4A7-0DD3BAFACBBD}.Debug|Any CPU.ActiveCfg = Debug|Any CPU
		{A8842757-9460-4C69-A4A7-0DD3BAFACBBD}.Debug|Any CPU.Build.0 = Debug|Any CPU
		{A8842757-9460-4C69-A4A7-0DD3BAFACBBD}.Release|Any CPU.ActiveCfg = Release|Any CPU
		{A8842757-9460-4C69-A4A7-0DD3BAFACBBD}.Release|Any CPU.Build.0 = Release|Any CPU
	EndGlobalSection
	GlobalSection(SolutionProperties) = preSolution
		HideSolutionNode = FALSE
	EndGlobalSection
	GlobalSection(ExtensibilityGlobals) = postSolution
		SolutionGuid = {C9AF6BD9-64D2-4C2A-BF6C-35F6EC0FEF69}
	EndGlobalSection
EndGlobal
