
Microsoft Visual Studio Solution File, Format Version 12.00
# Visual Studio Version 16
VisualStudioVersion = 16.0.30413.136
MinimumVisualStudioVersion = 10.0.40219.1
Project("{FAE04EC0-301F-11D3-BF4B-00C04F79EFBC}") = "CH03-8", "CH03-8\CH03-8.csproj", "{9A73F6BE-1006-43D3-A3F5-E7C804AE119D}"
EndProject
Global
	GlobalSection(SolutionConfigurationPlatforms) = preSolution
		Debug|Any CPU = Debug|Any CPU
		Release|Any CPU = Release|Any CPU
	EndGlobalSection
	GlobalSection(ProjectConfigurationPlatforms) = postSolution
		{9A73F6BE-1006-43D3-A3F5-E7C804AE119D}.Debug|Any CPU.ActiveCfg = Debug|Any CPU
		{9A73F6BE-1006-43D3-A3F5-E7C804AE119D}.Debug|Any CPU.Build.0 = Debug|Any CPU
		{9A73F6BE-1006-43D3-A3F5-E7C804AE119D}.Release|Any CPU.ActiveCfg = Release|Any CPU
		{9A73F6BE-1006-43D3-A3F5-E7C804AE119D}.Release|Any CPU.Build.0 = Release|Any CPU
	EndGlobalSection
	GlobalSection(SolutionProperties) = preSolution
		HideSolutionNode = FALSE
	EndGlobalSection
	GlobalSection(ExtensibilityGlobals) = postSolution
		SolutionGuid = {EE548B65-B190-4662-9B71-4E30C4982CDE}
	EndGlobalSection
EndGlobal
