
Microsoft Visual Studio Solution File, Format Version 12.00
# Visual Studio Version 16
VisualStudioVersion = 16.0.30413.136
MinimumVisualStudioVersion = 10.0.40219.1
Project("{FAE04EC0-301F-11D3-BF4B-00C04F79EFBC}") = "VirtualMethod", "VirtualMethod\VirtualMethod.csproj", "{D2CD3909-CE29-4F54-A149-1DE250EA7773}"
EndProject
Global
	GlobalSection(SolutionConfigurationPlatforms) = preSolution
		Debug|Any CPU = Debug|Any CPU
		Release|Any CPU = Release|Any CPU
	EndGlobalSection
	GlobalSection(ProjectConfigurationPlatforms) = postSolution
		{D2CD3909-CE29-4F54-A149-1DE250EA7773}.Debug|Any CPU.ActiveCfg = Debug|Any CPU
		{D2CD3909-CE29-4F54-A149-1DE250EA7773}.Debug|Any CPU.Build.0 = Debug|Any CPU
		{D2CD3909-CE29-4F54-A149-1DE250EA7773}.Release|Any CPU.ActiveCfg = Release|Any CPU
		{D2CD3909-CE29-4F54-A149-1DE250EA7773}.Release|Any CPU.Build.0 = Release|Any CPU
	EndGlobalSection
	GlobalSection(SolutionProperties) = preSolution
		HideSolutionNode = FALSE
	EndGlobalSection
	GlobalSection(ExtensibilityGlobals) = postSolution
		SolutionGuid = {F8E85C27-29F9-4550-AA9F-A63BD94FF0CB}
	EndGlobalSection
EndGlobal
