
Microsoft Visual Studio Solution File, Format Version 12.00
# Visual Studio Version 16
VisualStudioVersion = 16.0.30413.136
MinimumVisualStudioVersion = 10.0.40219.1
Project("{FAE04EC0-301F-11D3-BF4B-00C04F79EFBC}") = "CH02-29", "CH02-29\CH02-29.csproj", "{2B9918EF-DB68-4504-9E68-832622A2811E}"
EndProject
Global
	GlobalSection(SolutionConfigurationPlatforms) = preSolution
		Debug|Any CPU = Debug|Any CPU
		Release|Any CPU = Release|Any CPU
	EndGlobalSection
	GlobalSection(ProjectConfigurationPlatforms) = postSolution
		{2B9918EF-DB68-4504-9E68-832622A2811E}.Debug|Any CPU.ActiveCfg = Debug|Any CPU
		{2B9918EF-DB68-4504-9E68-832622A2811E}.Debug|Any CPU.Build.0 = Debug|Any CPU
		{2B9918EF-DB68-4504-9E68-832622A2811E}.Release|Any CPU.ActiveCfg = Release|Any CPU
		{2B9918EF-DB68-4504-9E68-832622A2811E}.Release|Any CPU.Build.0 = Release|Any CPU
	EndGlobalSection
	GlobalSection(SolutionProperties) = preSolution
		HideSolutionNode = FALSE
	EndGlobalSection
	GlobalSection(ExtensibilityGlobals) = postSolution
		SolutionGuid = {3936B9C2-77A2-4956-80ED-F26FF500E83C}
	EndGlobalSection
EndGlobal
