
Microsoft Visual Studio Solution File, Format Version 12.00
# Visual Studio Version 16
VisualStudioVersion = 16.0.30413.136
MinimumVisualStudioVersion = 10.0.40219.1
Project("{FAE04EC0-301F-11D3-BF4B-00C04F79EFBC}") = "ForeachEx", "ForeachEx\ForeachEx.csproj", "{17116658-AB48-4F26-B294-8D00356288FA}"
EndProject
Global
	GlobalSection(SolutionConfigurationPlatforms) = preSolution
		Debug|Any CPU = Debug|Any CPU
		Release|Any CPU = Release|Any CPU
	EndGlobalSection
	GlobalSection(ProjectConfigurationPlatforms) = postSolution
		{17116658-AB48-4F26-B294-8D00356288FA}.Debug|Any CPU.ActiveCfg = Debug|Any CPU
		{17116658-AB48-4F26-B294-8D00356288FA}.Debug|Any CPU.Build.0 = Debug|Any CPU
		{17116658-AB48-4F26-B294-8D00356288FA}.Release|Any CPU.ActiveCfg = Release|Any CPU
		{17116658-AB48-4F26-B294-8D00356288FA}.Release|Any CPU.Build.0 = Release|Any CPU
	EndGlobalSection
	GlobalSection(SolutionProperties) = preSolution
		HideSolutionNode = FALSE
	EndGlobalSection
	GlobalSection(ExtensibilityGlobals) = postSolution
		SolutionGuid = {CC8D6094-0BFC-4943-85AB-EDBD2A9874AC}
	EndGlobalSection
EndGlobal
