
Microsoft Visual Studio Solution File, Format Version 12.00
# Visual Studio Version 16
VisualStudioVersion = 16.0.30413.136
MinimumVisualStudioVersion = 10.0.40219.1
Project("{FAE04EC0-301F-11D3-BF4B-00C04F79EFBC}") = "DelegateCall", "DelegateCall\DelegateCall.csproj", "{A958906B-1C24-4654-8254-4C7B20054494}"
EndProject
Global
	GlobalSection(SolutionConfigurationPlatforms) = preSolution
		Debug|Any CPU = Debug|Any CPU
		Release|Any CPU = Release|Any CPU
	EndGlobalSection
	GlobalSection(ProjectConfigurationPlatforms) = postSolution
		{A958906B-1C24-4654-8254-4C7B20054494}.Debug|Any CPU.ActiveCfg = Debug|Any CPU
		{A958906B-1C24-4654-8254-4C7B20054494}.Debug|Any CPU.Build.0 = Debug|Any CPU
		{A958906B-1C24-4654-8254-4C7B20054494}.Release|Any CPU.ActiveCfg = Release|Any CPU
		{A958906B-1C24-4654-8254-4C7B20054494}.Release|Any CPU.Build.0 = Release|Any CPU
	EndGlobalSection
	GlobalSection(SolutionProperties) = preSolution
		HideSolutionNode = FALSE
	EndGlobalSection
	GlobalSection(ExtensibilityGlobals) = postSolution
		SolutionGuid = {BB9E830F-88D5-4C43-AD5A-B4AA2DD2A487}
	EndGlobalSection
EndGlobal
