
Microsoft Visual Studio Solution File, Format Version 12.00
# Visual Studio Version 16
VisualStudioVersion = 16.0.30413.136
MinimumVisualStudioVersion = 10.0.40219.1
Project("{FAE04EC0-301F-11D3-BF4B-00C04F79EFBC}") = "CH03-20", "CH03-20\CH03-20.csproj", "{F03FE9D2-4891-4C1D-BFEA-003FD2F1431B}"
EndProject
Global
	GlobalSection(SolutionConfigurationPlatforms) = preSolution
		Debug|Any CPU = Debug|Any CPU
		Release|Any CPU = Release|Any CPU
	EndGlobalSection
	GlobalSection(ProjectConfigurationPlatforms) = postSolution
		{F03FE9D2-4891-4C1D-BFEA-003FD2F1431B}.Debug|Any CPU.ActiveCfg = Debug|Any CPU
		{F03FE9D2-4891-4C1D-BFEA-003FD2F1431B}.Debug|Any CPU.Build.0 = Debug|Any CPU
		{F03FE9D2-4891-4C1D-BFEA-003FD2F1431B}.Release|Any CPU.ActiveCfg = Release|Any CPU
		{F03FE9D2-4891-4C1D-BFEA-003FD2F1431B}.Release|Any CPU.Build.0 = Release|Any CPU
	EndGlobalSection
	GlobalSection(SolutionProperties) = preSolution
		HideSolutionNode = FALSE
	EndGlobalSection
	GlobalSection(ExtensibilityGlobals) = postSolution
		SolutionGuid = {08DFFEA0-BD6D-46FF-85D1-6CF33729FFC1}
	EndGlobalSection
EndGlobal
