
Microsoft Visual Studio Solution File, Format Version 12.00
# Visual Studio Version 16
VisualStudioVersion = 16.0.30413.136
MinimumVisualStudioVersion = 10.0.40219.1
Project("{FAE04EC0-301F-11D3-BF4B-00C04F79EFBC}") = "Fraction", "Fraction\Fraction.csproj", "{483ED021-D40F-4C01-A1F2-742888A361C8}"
EndProject
Global
	GlobalSection(SolutionConfigurationPlatforms) = preSolution
		Debug|Any CPU = Debug|Any CPU
		Release|Any CPU = Release|Any CPU
	EndGlobalSection
	GlobalSection(ProjectConfigurationPlatforms) = postSolution
		{483ED021-D40F-4C01-A1F2-742888A361C8}.Debug|Any CPU.ActiveCfg = Debug|Any CPU
		{483ED021-D40F-4C01-A1F2-742888A361C8}.Debug|Any CPU.Build.0 = Debug|Any CPU
		{483ED021-D40F-4C01-A1F2-742888A361C8}.Release|Any CPU.ActiveCfg = Release|Any CPU
		{483ED021-D40F-4C01-A1F2-742888A361C8}.Release|Any CPU.Build.0 = Release|Any CPU
	EndGlobalSection
	GlobalSection(SolutionProperties) = preSolution
		HideSolutionNode = FALSE
	EndGlobalSection
	GlobalSection(ExtensibilityGlobals) = postSolution
		SolutionGuid = {408A7263-029A-4419-9DC2-CAAD4C1393B8}
	EndGlobalSection
EndGlobal
